
Microsoft Visual Studio Solution File, Format Version 12.00
# Visual Studio 2013
VisualStudioVersion = 12.0.30110.0
MinimumVisualStudioVersion = 10.0.40219.1
Project("{FAE04EC0-301F-11D3-BF4B-00C04F79EFBC}") = "Problem02", "Problem2\Problem02.csproj", "{88963CF2-9D49-4A33-8523-1D78A56BE32F}"
EndProject
Project("{FAE04EC0-301F-11D3-BF4B-00C04F79EFBC}") = "Problem03", "Problem3\Problem03.csproj", "{22A78BCE-65E9-47A7-B926-C6BA6ABFD81A}"
EndProject
Project("{FAE04EC0-301F-11D3-BF4B-00C04F79EFBC}") = "Problem04", "Problem4\Problem04.csproj", "{5A4C2DB0-B320-48B2-ACE7-132521B9B29D}"
EndProject
Project("{FAE04EC0-301F-11D3-BF4B-00C04F79EFBC}") = "Problem01", "Problem1\Problem01.csproj", "{72BBA1F2-403C-405F-9515-E576A2AB4DB9}"
EndProject
Project("{FAE04EC0-301F-11D3-BF4B-00C04F79EFBC}") = "Problem05", "Problem5\Problem05.csproj", "{33B75756-79E7-41FB-8D3C-AF7BF69D3F76}"
EndProject
Project("{FAE04EC0-301F-11D3-BF4B-00C04F79EFBC}") = "Problem06", "Problem6\Problem06.csproj", "{F8F4FEA9-1256-4E74-A4FC-52DEFCB38B3C}"
EndProject
Project("{FAE04EC0-301F-11D3-BF4B-00C04F79EFBC}") = "Problem07", "Problem7\Problem07.csproj", "{88258866-DD3F-4433-84B7-6530B6676869}"
EndProject
Project("{FAE04EC0-301F-11D3-BF4B-00C04F79EFBC}") = "Problem08", "Problem8\Problem08.csproj", "{395F0FFD-1E1E-4988-98B6-1909D98E109E}"
EndProject
Project("{FAE04EC0-301F-11D3-BF4B-00C04F79EFBC}") = "Problem09", "Problem9\Problem09.csproj", "{CD0E3480-4E4F-4CE4-B61B-E91336FF570E}"
EndProject
Project("{FAE04EC0-301F-11D3-BF4B-00C04F79EFBC}") = "Problem10", "Problem10\Problem10.csproj", "{5C2657F1-CBCE-475E-8835-3B78F11CDF79}"
EndProject
Project("{FAE04EC0-301F-11D3-BF4B-00C04F79EFBC}") = "Problem11", "Problem11\Problem11.csproj", "{D916CBA9-093E-465A-80FE-434B886CC45E}"
EndProject
Project("{FAE04EC0-301F-11D3-BF4B-00C04F79EFBC}") = "Problem12", "Problem12\Problem12.csproj", "{343DC37A-E7F5-4934-A54A-B3CCA0C0D5DE}"
EndProject
Project("{FAE04EC0-301F-11D3-BF4B-00C04F79EFBC}") = "Problem13", "Problem13\Problem13.csproj", "{10362C53-2D92-4A78-B1BB-87F0261C3EF3}"
EndProject
Global
	GlobalSection(SolutionConfigurationPlatforms) = preSolution
		Debug|Any CPU = Debug|Any CPU
		Release|Any CPU = Release|Any CPU
	EndGlobalSection
	GlobalSection(ProjectConfigurationPlatforms) = postSolution
		{88963CF2-9D49-4A33-8523-1D78A56BE32F}.Debug|Any CPU.ActiveCfg = Debug|Any CPU
		{88963CF2-9D49-4A33-8523-1D78A56BE32F}.Debug|Any CPU.Build.0 = Debug|Any CPU
		{88963CF2-9D49-4A33-8523-1D78A56BE32F}.Release|Any CPU.ActiveCfg = Release|Any CPU
		{88963CF2-9D49-4A33-8523-1D78A56BE32F}.Release|Any CPU.Build.0 = Release|Any CPU
		{22A78BCE-65E9-47A7-B926-C6BA6ABFD81A}.Debug|Any CPU.ActiveCfg = Debug|Any CPU
		{22A78BCE-65E9-47A7-B926-C6BA6ABFD81A}.Debug|Any CPU.Build.0 = Debug|Any CPU
		{22A78BCE-65E9-47A7-B926-C6BA6ABFD81A}.Release|Any CPU.ActiveCfg = Release|Any CPU
		{22A78BCE-65E9-47A7-B926-C6BA6ABFD81A}.Release|Any CPU.Build.0 = Release|Any CPU
		{5A4C2DB0-B320-48B2-ACE7-132521B9B29D}.Debug|Any CPU.ActiveCfg = Debug|Any CPU
		{5A4C2DB0-B320-48B2-ACE7-132521B9B29D}.Debug|Any CPU.Build.0 = Debug|Any CPU
		{5A4C2DB0-B320-48B2-ACE7-132521B9B29D}.Release|Any CPU.ActiveCfg = Release|Any CPU
		{5A4C2DB0-B320-48B2-ACE7-132521B9B29D}.Release|Any CPU.Build.0 = Release|Any CPU
		{72BBA1F2-403C-405F-9515-E576A2AB4DB9}.Debug|Any CPU.ActiveCfg = Debug|Any CPU
		{72BBA1F2-403C-405F-9515-E576A2AB4DB9}.Debug|Any CPU.Build.0 = Debug|Any CPU
		{72BBA1F2-403C-405F-9515-E576A2AB4DB9}.Release|Any CPU.ActiveCfg = Release|Any CPU
		{72BBA1F2-403C-405F-9515-E576A2AB4DB9}.Release|Any CPU.Build.0 = Release|Any CPU
		{33B75756-79E7-41FB-8D3C-AF7BF69D3F76}.Debug|Any CPU.ActiveCfg = Debug|Any CPU
		{33B75756-79E7-41FB-8D3C-AF7BF69D3F76}.Debug|Any CPU.Build.0 = Debug|Any CPU
		{33B75756-79E7-41FB-8D3C-AF7BF69D3F76}.Release|Any CPU.ActiveCfg = Release|Any CPU
		{33B75756-79E7-41FB-8D3C-AF7BF69D3F76}.Release|Any CPU.Build.0 = Release|Any CPU
		{F8F4FEA9-1256-4E74-A4FC-52DEFCB38B3C}.Debug|Any CPU.ActiveCfg = Debug|Any CPU
		{F8F4FEA9-1256-4E74-A4FC-52DEFCB38B3C}.Debug|Any CPU.Build.0 = Debug|Any CPU
		{F8F4FEA9-1256-4E74-A4FC-52DEFCB38B3C}.Release|Any CPU.ActiveCfg = Release|Any CPU
		{F8F4FEA9-1256-4E74-A4FC-52DEFCB38B3C}.Release|Any CPU.Build.0 = Release|Any CPU
		{88258866-DD3F-4433-84B7-6530B6676869}.Debug|Any CPU.ActiveCfg = Debug|Any CPU
		{88258866-DD3F-4433-84B7-6530B6676869}.Debug|Any CPU.Build.0 = Debug|Any CPU
		{88258866-DD3F-4433-84B7-6530B6676869}.Release|Any CPU.ActiveCfg = Release|Any CPU
		{88258866-DD3F-4433-84B7-6530B6676869}.Release|Any CPU.Build.0 = Release|Any CPU
		{395F0FFD-1E1E-4988-98B6-1909D98E109E}.Debug|Any CPU.ActiveCfg = Debug|Any CPU
		{395F0FFD-1E1E-4988-98B6-1909D98E109E}.Debug|Any CPU.Build.0 = Debug|Any CPU
		{395F0FFD-1E1E-4988-98B6-1909D98E109E}.Release|Any CPU.ActiveCfg = Release|Any CPU
		{395F0FFD-1E1E-4988-98B6-1909D98E109E}.Release|Any CPU.Build.0 = Release|Any CPU
		{CD0E3480-4E4F-4CE4-B61B-E91336FF570E}.Debug|Any CPU.ActiveCfg = Debug|Any CPU
		{CD0E3480-4E4F-4CE4-B61B-E91336FF570E}.Debug|Any CPU.Build.0 = Debug|Any CPU
		{CD0E3480-4E4F-4CE4-B61B-E91336FF570E}.Release|Any CPU.ActiveCfg = Release|Any CPU
		{CD0E3480-4E4F-4CE4-B61B-E91336FF570E}.Release|Any CPU.Build.0 = Release|Any CPU
		{5C2657F1-CBCE-475E-8835-3B78F11CDF79}.Debug|Any CPU.ActiveCfg = Debug|Any CPU
		{5C2657F1-CBCE-475E-8835-3B78F11CDF79}.Debug|Any CPU.Build.0 = Debug|Any CPU
		{5C2657F1-CBCE-475E-8835-3B78F11CDF79}.Release|Any CPU.ActiveCfg = Release|Any CPU
		{5C2657F1-CBCE-475E-8835-3B78F11CDF79}.Release|Any CPU.Build.0 = Release|Any CPU
		{D916CBA9-093E-465A-80FE-434B886CC45E}.Debug|Any CPU.ActiveCfg = Debug|Any CPU
		{D916CBA9-093E-465A-80FE-434B886CC45E}.Debug|Any CPU.Build.0 = Debug|Any CPU
		{D916CBA9-093E-465A-80FE-434B886CC45E}.Release|Any CPU.ActiveCfg = Release|Any CPU
		{D916CBA9-093E-465A-80FE-434B886CC45E}.Release|Any CPU.Build.0 = Release|Any CPU
		{343DC37A-E7F5-4934-A54A-B3CCA0C0D5DE}.Debug|Any CPU.ActiveCfg = Debug|Any CPU
		{343DC37A-E7F5-4934-A54A-B3CCA0C0D5DE}.Debug|Any CPU.Build.0 = Debug|Any CPU
		{343DC37A-E7F5-4934-A54A-B3CCA0C0D5DE}.Release|Any CPU.ActiveCfg = Release|Any CPU
		{343DC37A-E7F5-4934-A54A-B3CCA0C0D5DE}.Release|Any CPU.Build.0 = Release|Any CPU
		{10362C53-2D92-4A78-B1BB-87F0261C3EF3}.Debug|Any CPU.ActiveCfg = Debug|Any CPU
		{10362C53-2D92-4A78-B1BB-87F0261C3EF3}.Debug|Any CPU.Build.0 = Debug|Any CPU
		{10362C53-2D92-4A78-B1BB-87F0261C3EF3}.Release|Any CPU.ActiveCfg = Release|Any CPU
		{10362C53-2D92-4A78-B1BB-87F0261C3EF3}.Release|Any CPU.Build.0 = Release|Any CPU
	EndGlobalSection
	GlobalSection(SolutionProperties) = preSolution
		HideSolutionNode = FALSE
	EndGlobalSection
EndGlobal
