
Microsoft Visual Studio Solution File, Format Version 12.00
# Visual Studio 2013
VisualStudioVersion = 12.0.30110.0
MinimumVisualStudioVersion = 10.0.40219.1
Project("{FAE04EC0-301F-11D3-BF4B-00C04F79EFBC}") = "Problem2", "Problem2\Problem2.csproj", "{88963CF2-9D49-4A33-8523-1D78A56BE32F}"
EndProject
Project("{FAE04EC0-301F-11D3-BF4B-00C04F79EFBC}") = "Problem3", "Problem3\Problem3.csproj", "{22A78BCE-65E9-47A7-B926-C6BA6ABFD81A}"
EndProject
Project("{FAE04EC0-301F-11D3-BF4B-00C04F79EFBC}") = "Problem4", "Problem4\Problem4.csproj", "{5A4C2DB0-B320-48B2-ACE7-132521B9B29D}"
EndProject
Project("{FAE04EC0-301F-11D3-BF4B-00C04F79EFBC}") = "Problem1", "Problem1\Problem1.csproj", "{72BBA1F2-403C-405F-9515-E576A2AB4DB9}"
EndProject
Global
	GlobalSection(SolutionConfigurationPlatforms) = preSolution
		Debug|Any CPU = Debug|Any CPU
		Release|Any CPU = Release|Any CPU
	EndGlobalSection
	GlobalSection(ProjectConfigurationPlatforms) = postSolution
		{88963CF2-9D49-4A33-8523-1D78A56BE32F}.Debug|Any CPU.ActiveCfg = Debug|Any CPU
		{88963CF2-9D49-4A33-8523-1D78A56BE32F}.Debug|Any CPU.Build.0 = Debug|Any CPU
		{88963CF2-9D49-4A33-8523-1D78A56BE32F}.Release|Any CPU.ActiveCfg = Release|Any CPU
		{88963CF2-9D49-4A33-8523-1D78A56BE32F}.Release|Any CPU.Build.0 = Release|Any CPU
		{22A78BCE-65E9-47A7-B926-C6BA6ABFD81A}.Debug|Any CPU.ActiveCfg = Debug|Any CPU
		{22A78BCE-65E9-47A7-B926-C6BA6ABFD81A}.Debug|Any CPU.Build.0 = Debug|Any CPU
		{22A78BCE-65E9-47A7-B926-C6BA6ABFD81A}.Release|Any CPU.ActiveCfg = Release|Any CPU
		{22A78BCE-65E9-47A7-B926-C6BA6ABFD81A}.Release|Any CPU.Build.0 = Release|Any CPU
		{5A4C2DB0-B320-48B2-ACE7-132521B9B29D}.Debug|Any CPU.ActiveCfg = Debug|Any CPU
		{5A4C2DB0-B320-48B2-ACE7-132521B9B29D}.Debug|Any CPU.Build.0 = Debug|Any CPU
		{5A4C2DB0-B320-48B2-ACE7-132521B9B29D}.Release|Any CPU.ActiveCfg = Release|Any CPU
		{5A4C2DB0-B320-48B2-ACE7-132521B9B29D}.Release|Any CPU.Build.0 = Release|Any CPU
		{72BBA1F2-403C-405F-9515-E576A2AB4DB9}.Debug|Any CPU.ActiveCfg = Debug|Any CPU
		{72BBA1F2-403C-405F-9515-E576A2AB4DB9}.Debug|Any CPU.Build.0 = Debug|Any CPU
		{72BBA1F2-403C-405F-9515-E576A2AB4DB9}.Release|Any CPU.ActiveCfg = Release|Any CPU
		{72BBA1F2-403C-405F-9515-E576A2AB4DB9}.Release|Any CPU.Build.0 = Release|Any CPU
	EndGlobalSection
	GlobalSection(SolutionProperties) = preSolution
		HideSolutionNode = FALSE
	EndGlobalSection
	GlobalSection(Performance) = preSolution
		HasPerformanceSessions = true
	EndGlobalSection
EndGlobal
